// !$*UTF8*$!
{
	archiveVersion = 1;
	classes = {
	};
	objectVersion = 50;
	objects = {

/* Begin PBXBuildFile section */
		234DF4B82125663D00D3D61B /* AppDelegate.m in Sources */ = {isa = PBXBuildFile; fileRef = 234DF4B72125663D00D3D61B /* AppDelegate.m */; };
		234DF4BB2125663D00D3D61B /* ViewController.m in Sources */ = {isa = PBXBuildFile; fileRef = 234DF4BA2125663D00D3D61B /* ViewController.m */; };
		234DF4BE2125663D00D3D61B /* Main.storyboard in Resources */ = {isa = PBXBuildFile; fileRef = 234DF4BC2125663D00D3D61B /* Main.storyboard */; };
		234DF4C02125663F00D3D61B /* Assets.xcassets in Resources */ = {isa = PBXBuildFile; fileRef = 234DF4BF2125663F00D3D61B /* Assets.xcassets */; };
		234DF4C32125663F00D3D61B /* LaunchScreen.storyboard in Resources */ = {isa = PBXBuildFile; fileRef = 234DF4C12125663F00D3D61B /* LaunchScreen.storyboard */; };
		234DF4C62125663F00D3D61B /* main.m in Sources */ = {isa = PBXBuildFile; fileRef = 234DF4C52125663F00D3D61B /* main.m */; };
/* End PBXBuildFile section */

/* Begin PBXFileReference section */
		234DF4B32125663D00D3D61B /* ZGMVP.app */ = {isa = PBXFileReference; explicitFileType = wrapper.application; includeInIndex = 0; path = ZGMVP.app; sourceTree = BUILT_PRODUCTS_DIR; };
		234DF4B62125663D00D3D61B /* AppDelegate.h */ = {isa = PBXFileReference; lastKnownFileType = sourcecode.c.h; path = AppDelegate.h; sourceTree = "<group>"; };
		234DF4B72125663D00D3D61B /* AppDelegate.m */ = {isa = PBXFileReference; lastKnownFileType = sourcecode.c.objc; path = AppDelegate.m; sourceTree = "<group>"; };
		234DF4B92125663D00D3D61B /* ViewController.h */ = {isa = PBXFileReference; lastKnownFileType = sourcecode.c.h; path = ViewController.h; sourceTree = "<group>"; };
		234DF4BA2125663D00D3D61B /* ViewController.m */ = {isa = PBXFileReference; lastKnownFileType = sourcecode.c.objc; path = ViewController.m; sourceTree = "<group>"; };
		234DF4BD2125663D00D3D61B /* Base */ = {isa = PBXFileReference; lastKnownFileType = file.storyboard; name = Base; path = Base.lproj/Main.storyboard; sourceTree = "<group>"; };
		234DF4BF2125663F00D3D61B /* Assets.xcassets */ = {isa = PBXFileReference; lastKnownFileType = folder.assetcatalog; path = Assets.xcassets; sourceTree = "<group>"; };
		234DF4C22125663F00D3D61B /* Base */ = {isa = PBXFileReference; lastKnownFileType = file.storyboard; name = Base; path = Base.lproj/LaunchScreen.storyboard; sourceTree = "<group>"; };
		234DF4C42125663F00D3D61B /* Info.plist */ = {isa = PBXFileReference; lastKnownFileType = text.plist.xml; path = Info.plist; sourceTree = "<group>"; };
		234DF4C52125663F00D3D61B /* main.m */ = {isa = PBXFileReference; lastKnownFileType = sourcecode.c.objc; path = main.m; sourceTree = "<group>"; };
/* End PBXFileReference section */

/* Begin PBXFrameworksBuildPhase section */
		234DF4B02125663D00D3D61B /* Frameworks */ = {
			isa = PBXFrameworksBuildPhase;
			buildActionMask = 2147483647;
			files = (
			);
			runOnlyForDeploymentPostprocessing = 0;
		};
/* End PBXFrameworksBuildPhase section */

/* Begin PBXGroup section */
		234DF4AA2125663D00D3D61B = {
			isa = PBXGroup;
			children = (
				234DF4B52125663D00D3D61B /* ZGMVP */,
				234DF4B42125663D00D3D61B /* Products */,
			);
			sourceTree = "<group>";
		};
		234DF4B42125663D00D3D61B /* Products */ = {
			isa = PBXGroup;
			children = (
				234DF4B32125663D00D3D61B /* ZGMVP.app */,
			);
			name = Products;
			sourceTree = "<group>";
		};
		234DF4B52125663D00D3D61B /* ZGMVP */ = {
			isa = PBXGroup;
			children = (
				234DF4B62125663D00D3D61B /* AppDelegate.h */,
				234DF4B72125663D00D3D61B /* AppDelegate.m */,
				234DF4B92125663D00D3D61B /* ViewController.h */,
				234DF4BA2125663D00D3D61B /* ViewController.m */,
				234DF4BC2125663D00D3D61B /* Main.storyboard */,
				234DF4BF2125663F00D3D61B /* Assets.xcassets */,
				234DF4C12125663F00D3D61B /* LaunchScreen.storyboard */,
				234DF4C42125663F00D3D61B /* Info.plist */,
				234DF4C52125663F00D3D61B /* main.m */,
			);
			path = ZGMVP;
			sourceTree = "<group>";
		};
/* End PBXGroup section */

/* Begin PBXNativeTarget section */
		234DF4B22125663D00D3D61B /* ZGMVP */ = {
			isa = PBXNativeTarget;
			buildConfigurationList = 234DF4C92125663F00D3D61B /* Build configuration list for PBXNativeTarget "ZGMVP" */;
			buildPhases = (
				234DF4AF2125663D00D3D61B /* Sources */,
				234DF4B02125663D00D3D61B /* Frameworks */,
				234DF4B12125663D00D3D61B /* Resources */,
			);
			buildRules = (
			);
			dependencies = (
			);
			name = ZGMVP;
			productName = ZGMVP;
			productReference = 234DF4B32125663D00D3D61B /* ZGMVP.app */;
			productType = "com.apple.product-type.application";
		};
/* End PBXNativeTarget section */

/* Begin PBXProject section */
		234DF4AB2125663D00D3D61B /* Project object */ = {
			isa = PBXProject;
			attributes = {
				LastUpgradeCheck = 0940;
				ORGANIZATIONNAME = cn;
				TargetAttributes = {
					234DF4B22125663D00D3D61B = {
						CreatedOnToolsVersion = 9.4.1;
					};
				};
			};
			buildConfigurationList = 234DF4AE2125663D00D3D61B /* Build configuration list for PBXProject "ZGMVP" */;
			compatibilityVersion = "Xcode 9.3";
			developmentRegion = en;
			hasScannedForEncodings = 0;
			knownRegions = (
				en,
				Base,
			);
			mainGroup = 234DF4AA2125663D00D3D61B;
			productRefGroup = 234DF4B42125663D00D3D61B /* Products */;
			projectDirPath = "";
			projectRoot = "";
			targets = (
				234DF4B22125663D00D3D61B /* ZGMVP */,
			);
		};
/* End PBXProject section */

/* Begin PBXResourcesBuildPhase section */
		234DF4B12125663D00D3D61B /* Resources */ = {
			isa = PBXResourcesBuildPhase;
			buildActionMask = 2147483647;
			files = (
				234DF4C32125663F00D3D61B /* LaunchScreen.storyboard in Resources */,
				234DF4C02125663F00D3D61B /* Assets.xcassets in Resources */,
				234DF4BE2125663D00D3D61B /* Main.storyboard in Resources */,
			);
			runOnlyForDeploymentPostprocessing = 0;
		};
/* End PBXResourcesBuildPhase section */

/* Begin PBXSourcesBuildPhase section */
		234DF4AF2125663D00D3D61B /* Sources */ = {
			isa = PBXSourcesBuildPhase;
			buildActionMask = 2147483647;
			files = (
				234DF4BB2125663D00D3D61B /* ViewController.m in Sources */,
				234DF4C62125663F00D3D61B /* main.m in Sources */,
				234DF4B82125663D00D3D61B /* AppDelegate.m in Sources */,
			);
			runOnlyForDeploymentPostprocessing = 0;
		};
/* End PBXSourcesBuildPhase section */

/* Begin PBXVariantGroup section */
		234DF4BC2125663D00D3D61B /* Main.storyboard */ = {
			isa = PBXVariantGroup;
			children = (
				234DF4BD2125663D00D3D61B /* Base */,
			);
			name = Main.storyboard;
			sourceTree = "<group>";
		};
		234DF4C12125663F00D3D61B /* LaunchScreen.storyboard */ = {
			isa = PBXVariantGroup;
			children = (
				234DF4C22125663F00D3D61B /* Base */,
			);
			name = LaunchScreen.storyboard;
			sourceTree = "<group>";
		};
/* End PBXVariantGroup section */

/* Begin XCBuildConfiguration section */
		234DF4C72125663F00D3D61B /* Debug */ = {
			isa = XCBuildConfiguration;
			buildSettings = {
				ALWAYS_SEARCH_USER_PATHS = NO;
				CLANG_ANALYZER_NONNULL = YES;
				CLANG_ANALYZER_NUMBER_OBJECT_CONVERSION = YES_AGGRESSIVE;
				CLANG_CXX_LANGUAGE_STANDARD = "gnu++14";
				CLANG_CXX_LIBRARY = "libc++";
				CLANG_ENABLE_MODULES = YES;
				CLANG_ENABLE_OBJC_ARC = YES;
				CLANG_ENABLE_OBJC_WEAK = YES;
				CLANG_WARN_BLOCK_CAPTURE_AUTORELEASING = YES;
				CLANG_WARN_BOOL_CONVERSION = YES;
				CLANG_WARN_COMMA = YES;
				CLANG_WARN_CONSTANT_CONVERSION = YES;
				CLANG_WARN_DEPRECATED_OBJC_IMPLEMENTATIONS = YES;
				CLANG_WARN_DIRECT_OBJC_ISA_USAGE = YES_ERROR;
				CLANG_WARN_DOCUMENTATION_COMMENTS = YES;
				CLANG_WARN_EMPTY_BODY = YES;
				CLANG_WARN_ENUM_CONVERSION = YES;
				CLANG_WARN_INFINITE_RECURSION = YES;
				CLANG_WARN_INT_CONVERSION = YES;
				CLANG_WARN_NON_LITERAL_NULL_CONVERSION = YES;
				CLANG_WARN_OBJC_IMPLICIT_RETAIN_SELF = YES;
				CLANG_WARN_OBJC_LITERAL_CONVERSION = YES;
				CLANG_WARN_OBJC_ROOT_CLASS = YES_ERROR;
				CLANG_WARN_RANGE_LOOP_ANALYSIS = YES;
				CLANG_WARN_STRICT_PROTOTYPES = YES;
				CLANG_WARN_SUSPICIOUS_MOVE = YES;
				CLANG_WARN_UNGUARDED_AVAILABILITY = YES_AGGRESSIVE;
				CLANG_WARN_UNREACHABLE_CODE = YES;
				CLANG_WARN__DUPLICATE_METHOD_MATCH = YES;
				CODE_SIGN_IDENTITY = "iPhone Developer";
				COPY_PHASE_STRIP = NO;
				DEBUG_INFORMATION_FORMAT = dwarf;
				ENABLE_STRICT_OBJC_MSGSEND = YES;
				ENABLE_TESTABILITY = YES;
				GCC_C_LANGUAGE_STANDARD = gnu11;
				GCC_DYNAMIC_NO_PIC = NO;
				GCC_NO_COMMON_BLOCKS = YES;
				GCC_OPTIMIZATION_LEVEL = 0;
				GCC_PREPROCESSOR_DEFINITIONS = (
					"DEBUG=1",
					"$(inherited)",
				);
				GCC_WARN_64_TO_32_BIT_CONVERSION = YES;
				GCC_WARN_ABOUT_RETURN_TYPE = YES_ERROR;
				GCC_WARN_UNDECLARED_SELECTOR = YES;
				GCC_WARN_UNINITIALIZED_AUTOS = YES_AGGRESSIVE;
				GCC_WARN_UNUSED_FUNCTION = YES;
				GCC_WARN_UNUSED_VARIABLE = YES;
				IPHONEOS_DEPLOYMENT_TARGET = 11.4;
				MTL_ENABLE_DEBUG_INFO = YES;
				ONLY_ACTIVE_ARCH = YES;
				SDKROOT = iphoneos;
			};
			name = Debug;
		};
		234DF4C82125663F00D3D61B /* Release */ = {
			isa = XCBuildConfiguration;
			buildSettings = {
				ALWAYS_SEARCH_USER_PATHS = NO;
				CLANG_ANALYZER_NONNULL = YES;
				CLANG_ANALYZER_NUMBER_OBJECT_CONVERSION = YES_AGGRESSIVE;
				CLANG_CXX_LANGUAGE_STANDARD = "gnu++14";
				CLANG_CXX_LIBRARY = "libc++";
				CLANG_ENABLE_MODULES = YES;
				CLANG_ENABLE_OBJC_ARC = YES;
				CLANG_ENABLE_OBJC_WEAK = YES;
				CLANG_WARN_BLOCK_CAPTURE_AUTORELEASING = YES;
				CLANG_WARN_BOOL_CONVERSION = YES;
				CLANG_WARN_COMMA = YES;
				CLANG_WARN_CONSTANT_CONVERSION = YES;
				CLANG_WARN_DEPRECATED_OBJC_IMPLEMENTATIONS = YES;
				CLANG_WARN_DIRECT_OBJC_ISA_USAGE = YES_ERROR;
				CLANG_WARN_DOCUMENTATION_COMMENTS = YES;
				CLANG_WARN_EMPTY_BODY = YES;
				CLANG_WARN_ENUM_CONVERSION = YES;
				CLANG_WARN_INFINITE_RECURSION = YES;
				CLANG_WARN_INT_CONVERSION = YES;
				CLANG_WARN_NON_LITERAL_NULL_CONVERSION = YES;
				CLANG_WARN_OBJC_IMPLICIT_RETAIN_SELF = YES;
				CLANG_WARN_OBJC_LITERAL_CONVERSION = YES;
				CLANG_WARN_OBJC_ROOT_CLASS = YES_ERROR;
				CLANG_WARN_RANGE_LOOP_ANALYSIS = YES;
				CLANG_WARN_STRICT_PROTOTYPES = YES;
				CLANG_WARN_SUSPICIOUS_MOVE = YES;
				CLANG_WARN_UNGUARDED_AVAILABILITY = YES_AGGRESSIVE;
				CLANG_WARN_UNREACHABLE_CODE = YES;
				CLANG_WARN__DUPLICATE_METHOD_MATCH = YES;
				CODE_SIGN_IDENTITY = "iPhone Developer";
				COPY_PHASE_STRIP = NO;
				DEBUG_INFORMATION_FORMAT = "dwarf-with-dsym";
				ENABLE_NS_ASSERTIONS = NO;
				ENABLE_STRICT_OBJC_MSGSEND = YES;
				GCC_C_LANGUAGE_STANDARD = gnu11;
				GCC_NO_COMMON_BLOCKS = YES;
				GCC_WARN_64_TO_32_BIT_CONVERSION = YES;
				GCC_WARN_ABOUT_RETURN_TYPE = YES_ERROR;
				GCC_WARN_UNDECLARED_SELECTOR = YES;
				GCC_WARN_UNINITIALIZED_AUTOS = YES_AGGRESSIVE;
				GCC_WARN_UNUSED_FUNCTION = YES;
				GCC_WARN_UNUSED_VARIABLE = YES;
				IPHONEOS_DEPLOYMENT_TARGET = 11.4;
				MTL_ENABLE_DEBUG_INFO = NO;
				SDKROOT = iphoneos;
				VALIDATE_PRODUCT = YES;
			};
			name = Release;
		};
		234DF4CA2125663F00D3D61B /* Debug */ = {
			isa = XCBuildConfiguration;
			buildSettings = {
				ASSETCATALOG_COMPILER_APPICON_NAME = AppIcon;
				CODE_SIGN_STYLE = Automatic;
				INFOPLIST_FILE = ZGMVP/Info.plist;
				LD_RUNPATH_SEARCH_PATHS = (
					"$(inherited)",
					"@executable_path/Frameworks",
				);
				PRODUCT_BUNDLE_IDENTIFIER = offcn.ZGMVP;
				PRODUCT_NAME = "$(TARGET_NAME)";
				TARGETED_DEVICE_FAMILY = "1,2";
			};
			name = Debug;
		};
		234DF4CB2125663F00D3D61B /* Release */ = {
			isa = XCBuildConfiguration;
			buildSettings = {
				ASSETCATALOG_COMPILER_APPICON_NAME = AppIcon;
				CODE_SIGN_STYLE = Automatic;
				INFOPLIST_FILE = ZGMVP/Info.plist;
				LD_RUNPATH_SEARCH_PATHS = (
					"$(inherited)",
					"@executable_path/Frameworks",
				);
				PRODUCT_BUNDLE_IDENTIFIER = offcn.ZGMVP;
				PRODUCT_NAME = "$(TARGET_NAME)";
				TARGETED_DEVICE_FAMILY = "1,2";
			};
			name = Release;
		};
/* End XCBuildConfiguration section */

/* Begin XCConfigurationList section */
		234DF4AE2125663D00D3D61B /* Build configuration list for PBXProject "ZGMVP" */ = {
			isa = XCConfigurationList;
			buildConfigurations = (
				234DF4C72125663F00D3D61B /* Debug */,
				234DF4C82125663F00D3D61B /* Release */,
			);
			defaultConfigurationIsVisible = 0;
			defaultConfigurationName = Release;
		};
		234DF4C92125663F00D3D61B /* Build configuration list for PBXNativeTarget "ZGMVP" */ = {
			isa = XCConfigurationList;
			buildConfigurations = (
				234DF4CA2125663F00D3D61B /* Debug */,
				234DF4CB2125663F00D3D61B /* Release */,
			);
			defaultConfigurationIsVisible = 0;
			defaultConfigurationName = Release;
		};
/* End XCConfigurationList section */
	};
	rootObject = 234DF4AB2125663D00D3D61B /* Project object */;
}
